
Microsoft Visual Studio Solution File, Format Version 12.00
# Visual Studio Version 16
VisualStudioVersion = 16.0.29709.97
MinimumVisualStudioVersion = 10.0.40219.1
Project("{FAE04EC0-301F-11D3-BF4B-00C04F79EFBC}") = "F48Test.MyWPFGUI", "F48Test.MyWPFGUI\F48Test.MyWPFGUI.csproj", "{7346CF96-C3F3-462B-B924-2B2DD2EE708A}"
EndProject
Project("{FAE04EC0-301F-11D3-BF4B-00C04F79EFBC}") = "F48Test.MyLib", "F48Test.MyLib\F48Test.MyLib.csproj", "{4C856B07-9FE0-4BC4-AAD3-B18136E6E847}"
EndProject
Global
	GlobalSection(SolutionConfigurationPlatforms) = preSolution
		Debug|Any CPU = Debug|Any CPU
		Release|Any CPU = Release|Any CPU
	EndGlobalSection
	GlobalSection(ProjectConfigurationPlatforms) = postSolution
		{7346CF96-C3F3-462B-B924-2B2DD2EE708A}.Debug|Any CPU.ActiveCfg = Debug|Any CPU
		{7346CF96-C3F3-462B-B924-2B2DD2EE708A}.Debug|Any CPU.Build.0 = Debug|Any CPU
		{7346CF96-C3F3-462B-B924-2B2DD2EE708A}.Release|Any CPU.ActiveCfg = Release|Any CPU
		{7346CF96-C3F3-462B-B924-2B2DD2EE708A}.Release|Any CPU.Build.0 = Release|Any CPU
		{4C856B07-9FE0-4BC4-AAD3-B18136E6E847}.Debug|Any CPU.ActiveCfg = Debug|Any CPU
		{4C856B07-9FE0-4BC4-AAD3-B18136E6E847}.Debug|Any CPU.Build.0 = Debug|Any CPU
		{4C856B07-9FE0-4BC4-AAD3-B18136E6E847}.Release|Any CPU.ActiveCfg = Release|Any CPU
		{4C856B07-9FE0-4BC4-AAD3-B18136E6E847}.Release|Any CPU.Build.0 = Release|Any CPU
	EndGlobalSection
	GlobalSection(SolutionProperties) = preSolution
		HideSolutionNode = FALSE
	EndGlobalSection
	GlobalSection(ExtensibilityGlobals) = postSolution
		SolutionGuid = {52AE21E9-6A46-4C74-A518-C185AE190C5B}
	EndGlobalSection
EndGlobal
